
Microsoft Visual Studio Solution File, Format Version 12.00
# Visual Studio Version 16
VisualStudioVersion = 16.0.29215.179
MinimumVisualStudioVersion = 10.0.40219.1
Project("{FAE04EC0-301F-11D3-BF4B-00C04F79EFBC}") = "BatteryStorage", "BatteryStorage.csproj", "{706A0A9F-E4DE-4044-9BC1-18F47424802D}"
EndProject
Global
	GlobalSection(SolutionConfigurationPlatforms) = preSolution
		Debug|Any CPU = Debug|Any CPU
		Release|Any CPU = Release|Any CPU
	EndGlobalSection
	GlobalSection(ProjectConfigurationPlatforms) = postSolution
		{706A0A9F-E4DE-4044-9BC1-18F47424802D}.Debug|Any CPU.ActiveCfg = Debug|Any CPU
		{706A0A9F-E4DE-4044-9BC1-18F47424802D}.Debug|Any CPU.Build.0 = Debug|Any CPU
		{706A0A9F-E4DE-4044-9BC1-18F47424802D}.Release|Any CPU.ActiveCfg = Release|Any CPU
		{706A0A9F-E4DE-4044-9BC1-18F47424802D}.Release|Any CPU.Build.0 = Release|Any CPU
	EndGlobalSection
	GlobalSection(SolutionProperties) = preSolution
		HideSolutionNode = FALSE
	EndGlobalSection
	GlobalSection(ExtensibilityGlobals) = postSolution
		SolutionGuid = {FAE79E7E-BF91-4729-8213-231A78438286}
	EndGlobalSection
EndGlobal
